{
  "version": "4",
  "specifiers": {
    "jsr:@std/yaml@^1.0.5": "1.0.5",
    "npm:@hono/zod-validator@~0.4.1": "0.4.1_hono@4.6.8_zod@3.23.8",
    "npm:@huggingface/jinja@~0.3.2": "0.3.2",
    "npm:hono@^4.6.8": "4.6.8",
    "npm:zod@^3.23.8": "3.23.8"
  },
  "jsr": {
    "@std/yaml@1.0.5": {
      "integrity": "71ba3d334305ee2149391931508b2c293a8490f94a337eef3a09cade1a2a2742"
    }
  },
  "npm": {
    "@hono/zod-validator@0.4.1_hono@4.6.8_zod@3.23.8": {
      "integrity": "sha512-I8LyfeJfvVmC5hPjZ2Iij7RjexlgSBT7QJudZ4JvNPLxn0JQ3sqclz2zydlwISAnw21D2n4LQ0nfZdoiv9fQQA==",
      "dependencies": [
        "hono",
        "zod"
      ]
    },
    "@huggingface/jinja@0.3.2": {
      "integrity": "sha512-F2FvuIc+w1blGsaqJI/OErRbWH6bVJDCBI8Rm5D86yZ2wlwrGERsfIaru7XUv9eYC3DMP3ixDRRtF0h6d8AZcQ=="
    },
    "hono@4.6.8": {
      "integrity": "sha512-f+2Ec9JAzabT61pglDiLJcF/DjiSefZkjCn9bzm1cYLGkD5ExJ3Jnv93ax9h0bn7UPLHF81KktoyjdQfWI2n1Q=="
    },
    "zod@3.23.8": {
      "integrity": "sha512-XBx9AXhXktjUqnepgTiE5flcKIYWi/rme0Eaj+5Y0lftuGBq+jyRu/md4WnuxqgP1ubdpNCsYEYPxrzVHD8d6g=="
    }
  },
  "workspace": {
    "dependencies": [
      "jsr:@std/yaml@^1.0.5",
      "npm:@hono/zod-validator@~0.4.1",
      "npm:@huggingface/jinja@~0.3.2",
      "npm:hono@^4.6.8",
      "npm:zod@^3.23.8"
    ]
  }
}
